
Microsoft Visual Studio Solution File, Format Version 12.00
# Visual Studio 14
VisualStudioVersion = 14.0.25420.1
MinimumVisualStudioVersion = 10.0.40219.1
Project("{FAE04EC0-301F-11D3-BF4B-00C04F79EFBC}") = "badge_me.Droid", "badge-me\badge_me.Droid\badge_me.Droid.csproj", "{57C5793D-A8BE-4998-B05A-39B6C2EE86B5}"
EndProject
Project("{FAE04EC0-301F-11D3-BF4B-00C04F79EFBC}") = "badge_me.iOS", "badge-me\badge_me.iOS\badge_me.iOS.csproj", "{F84D0A37-EEEF-42F1-8DC2-D8C2B845522E}"
EndProject
Project("{FAE04EC0-301F-11D3-BF4B-00C04F79EFBC}") = "badge_me.WinPhone", "badge-me\badge_me.WinPhone\badge_me.WinPhone.csproj", "{14E28E52-426F-4B99-B3B0-8B25A0F27356}"
EndProject
Project("{FAE04EC0-301F-11D3-BF4B-00C04F79EFBC}") = "badge_me", "badge-me\badge_me\badge_me.csproj", "{0A8836E6-DD33-45BE-8BCC-E6895D5C2EC8}"
EndProject
Global
	GlobalSection(SolutionConfigurationPlatforms) = preSolution
		Debug|Any CPU = Debug|Any CPU
		Debug|ARM = Debug|ARM
		Debug|iPhone = Debug|iPhone
		Debug|iPhoneSimulator = Debug|iPhoneSimulator
		Debug|x86 = Debug|x86
		Release|Any CPU = Release|Any CPU
		Release|ARM = Release|ARM
		Release|iPhone = Release|iPhone
		Release|iPhoneSimulator = Release|iPhoneSimulator
		Release|x86 = Release|x86
	EndGlobalSection
	GlobalSection(ProjectConfigurationPlatforms) = postSolution
		{57C5793D-A8BE-4998-B05A-39B6C2EE86B5}.Debug|Any CPU.ActiveCfg = Debug|Any CPU
		{57C5793D-A8BE-4998-B05A-39B6C2EE86B5}.Debug|Any CPU.Build.0 = Debug|Any CPU
		{57C5793D-A8BE-4998-B05A-39B6C2EE86B5}.Debug|Any CPU.Deploy.0 = Debug|Any CPU
		{57C5793D-A8BE-4998-B05A-39B6C2EE86B5}.Debug|ARM.ActiveCfg = Debug|Any CPU
		{57C5793D-A8BE-4998-B05A-39B6C2EE86B5}.Debug|ARM.Build.0 = Debug|Any CPU
		{57C5793D-A8BE-4998-B05A-39B6C2EE86B5}.Debug|ARM.Deploy.0 = Debug|Any CPU
		{57C5793D-A8BE-4998-B05A-39B6C2EE86B5}.Debug|iPhone.ActiveCfg = Debug|Any CPU
		{57C5793D-A8BE-4998-B05A-39B6C2EE86B5}.Debug|iPhone.Build.0 = Debug|Any CPU
		{57C5793D-A8BE-4998-B05A-39B6C2EE86B5}.Debug|iPhone.Deploy.0 = Debug|Any CPU
		{57C5793D-A8BE-4998-B05A-39B6C2EE86B5}.Debug|iPhoneSimulator.ActiveCfg = Debug|Any CPU
		{57C5793D-A8BE-4998-B05A-39B6C2EE86B5}.Debug|iPhoneSimulator.Build.0 = Debug|Any CPU
		{57C5793D-A8BE-4998-B05A-39B6C2EE86B5}.Debug|iPhoneSimulator.Deploy.0 = Debug|Any CPU
		{57C5793D-A8BE-4998-B05A-39B6C2EE86B5}.Debug|x86.ActiveCfg = Debug|Any CPU
		{57C5793D-A8BE-4998-B05A-39B6C2EE86B5}.Debug|x86.Build.0 = Debug|Any CPU
		{57C5793D-A8BE-4998-B05A-39B6C2EE86B5}.Debug|x86.Deploy.0 = Debug|Any CPU
		{57C5793D-A8BE-4998-B05A-39B6C2EE86B5}.Release|Any CPU.ActiveCfg = Release|Any CPU
		{57C5793D-A8BE-4998-B05A-39B6C2EE86B5}.Release|Any CPU.Build.0 = Release|Any CPU
		{57C5793D-A8BE-4998-B05A-39B6C2EE86B5}.Release|Any CPU.Deploy.0 = Release|Any CPU
		{57C5793D-A8BE-4998-B05A-39B6C2EE86B5}.Release|ARM.ActiveCfg = Release|Any CPU
		{57C5793D-A8BE-4998-B05A-39B6C2EE86B5}.Release|ARM.Build.0 = Release|Any CPU
		{57C5793D-A8BE-4998-B05A-39B6C2EE86B5}.Release|ARM.Deploy.0 = Release|Any CPU
		{57C5793D-A8BE-4998-B05A-39B6C2EE86B5}.Release|iPhone.ActiveCfg = Release|Any CPU
		{57C5793D-A8BE-4998-B05A-39B6C2EE86B5}.Release|iPhone.Build.0 = Release|Any CPU
		{57C5793D-A8BE-4998-B05A-39B6C2EE86B5}.Release|iPhone.Deploy.0 = Release|Any CPU
		{57C5793D-A8BE-4998-B05A-39B6C2EE86B5}.Release|iPhoneSimulator.ActiveCfg = Release|Any CPU
		{57C5793D-A8BE-4998-B05A-39B6C2EE86B5}.Release|iPhoneSimulator.Build.0 = Release|Any CPU
		{57C5793D-A8BE-4998-B05A-39B6C2EE86B5}.Release|iPhoneSimulator.Deploy.0 = Release|Any CPU
		{57C5793D-A8BE-4998-B05A-39B6C2EE86B5}.Release|x86.ActiveCfg = Release|Any CPU
		{57C5793D-A8BE-4998-B05A-39B6C2EE86B5}.Release|x86.Build.0 = Release|Any CPU
		{57C5793D-A8BE-4998-B05A-39B6C2EE86B5}.Release|x86.Deploy.0 = Release|Any CPU
		{F84D0A37-EEEF-42F1-8DC2-D8C2B845522E}.Debug|Any CPU.ActiveCfg = Debug|iPhone
		{F84D0A37-EEEF-42F1-8DC2-D8C2B845522E}.Debug|ARM.ActiveCfg = Debug|iPhone
		{F84D0A37-EEEF-42F1-8DC2-D8C2B845522E}.Debug|iPhone.ActiveCfg = Debug|iPhone
		{F84D0A37-EEEF-42F1-8DC2-D8C2B845522E}.Debug|iPhone.Build.0 = Debug|iPhone
		{F84D0A37-EEEF-42F1-8DC2-D8C2B845522E}.Debug|iPhoneSimulator.ActiveCfg = Debug|iPhoneSimulator
		{F84D0A37-EEEF-42F1-8DC2-D8C2B845522E}.Debug|iPhoneSimulator.Build.0 = Debug|iPhoneSimulator
		{F84D0A37-EEEF-42F1-8DC2-D8C2B845522E}.Debug|x86.ActiveCfg = Debug|iPhone
		{F84D0A37-EEEF-42F1-8DC2-D8C2B845522E}.Release|Any CPU.ActiveCfg = Release|iPhone
		{F84D0A37-EEEF-42F1-8DC2-D8C2B845522E}.Release|ARM.ActiveCfg = Release|iPhone
		{F84D0A37-EEEF-42F1-8DC2-D8C2B845522E}.Release|iPhone.ActiveCfg = Release|iPhone
		{F84D0A37-EEEF-42F1-8DC2-D8C2B845522E}.Release|iPhone.Build.0 = Release|iPhone
		{F84D0A37-EEEF-42F1-8DC2-D8C2B845522E}.Release|iPhoneSimulator.ActiveCfg = Release|iPhoneSimulator
		{F84D0A37-EEEF-42F1-8DC2-D8C2B845522E}.Release|iPhoneSimulator.Build.0 = Release|iPhoneSimulator
		{F84D0A37-EEEF-42F1-8DC2-D8C2B845522E}.Release|x86.ActiveCfg = Release|iPhone
		{14E28E52-426F-4B99-B3B0-8B25A0F27356}.Debug|Any CPU.ActiveCfg = Debug|Any CPU
		{14E28E52-426F-4B99-B3B0-8B25A0F27356}.Debug|Any CPU.Build.0 = Debug|Any CPU
		{14E28E52-426F-4B99-B3B0-8B25A0F27356}.Debug|Any CPU.Deploy.0 = Debug|Any CPU
		{14E28E52-426F-4B99-B3B0-8B25A0F27356}.Debug|ARM.ActiveCfg = Debug|ARM
		{14E28E52-426F-4B99-B3B0-8B25A0F27356}.Debug|ARM.Build.0 = Debug|ARM
		{14E28E52-426F-4B99-B3B0-8B25A0F27356}.Debug|ARM.Deploy.0 = Debug|ARM
		{14E28E52-426F-4B99-B3B0-8B25A0F27356}.Debug|iPhone.ActiveCfg = Debug|Any CPU
		{14E28E52-426F-4B99-B3B0-8B25A0F27356}.Debug|iPhone.Build.0 = Debug|Any CPU
		{14E28E52-426F-4B99-B3B0-8B25A0F27356}.Debug|iPhone.Deploy.0 = Debug|Any CPU
		{14E28E52-426F-4B99-B3B0-8B25A0F27356}.Debug|iPhoneSimulator.ActiveCfg = Debug|Any CPU
		{14E28E52-426F-4B99-B3B0-8B25A0F27356}.Debug|iPhoneSimulator.Build.0 = Debug|Any CPU
		{14E28E52-426F-4B99-B3B0-8B25A0F27356}.Debug|iPhoneSimulator.Deploy.0 = Debug|Any CPU
		{14E28E52-426F-4B99-B3B0-8B25A0F27356}.Debug|x86.ActiveCfg = Debug|x86
		{14E28E52-426F-4B99-B3B0-8B25A0F27356}.Debug|x86.Build.0 = Debug|x86
		{14E28E52-426F-4B99-B3B0-8B25A0F27356}.Debug|x86.Deploy.0 = Debug|x86
		{14E28E52-426F-4B99-B3B0-8B25A0F27356}.Release|Any CPU.ActiveCfg = Release|Any CPU
		{14E28E52-426F-4B99-B3B0-8B25A0F27356}.Release|Any CPU.Build.0 = Release|Any CPU
		{14E28E52-426F-4B99-B3B0-8B25A0F27356}.Release|Any CPU.Deploy.0 = Release|Any CPU
		{14E28E52-426F-4B99-B3B0-8B25A0F27356}.Release|ARM.ActiveCfg = Release|ARM
		{14E28E52-426F-4B99-B3B0-8B25A0F27356}.Release|ARM.Build.0 = Release|ARM
		{14E28E52-426F-4B99-B3B0-8B25A0F27356}.Release|ARM.Deploy.0 = Release|ARM
		{14E28E52-426F-4B99-B3B0-8B25A0F27356}.Release|iPhone.ActiveCfg = Release|Any CPU
		{14E28E52-426F-4B99-B3B0-8B25A0F27356}.Release|iPhone.Build.0 = Release|Any CPU
		{14E28E52-426F-4B99-B3B0-8B25A0F27356}.Release|iPhone.Deploy.0 = Release|Any CPU
		{14E28E52-426F-4B99-B3B0-8B25A0F27356}.Release|iPhoneSimulator.ActiveCfg = Release|Any CPU
		{14E28E52-426F-4B99-B3B0-8B25A0F27356}.Release|iPhoneSimulator.Build.0 = Release|Any CPU
		{14E28E52-426F-4B99-B3B0-8B25A0F27356}.Release|iPhoneSimulator.Deploy.0 = Release|Any CPU
		{14E28E52-426F-4B99-B3B0-8B25A0F27356}.Release|x86.ActiveCfg = Release|x86
		{14E28E52-426F-4B99-B3B0-8B25A0F27356}.Release|x86.Build.0 = Release|x86
		{14E28E52-426F-4B99-B3B0-8B25A0F27356}.Release|x86.Deploy.0 = Release|x86
		{0A8836E6-DD33-45BE-8BCC-E6895D5C2EC8}.Debug|Any CPU.ActiveCfg = Debug|Any CPU
		{0A8836E6-DD33-45BE-8BCC-E6895D5C2EC8}.Debug|Any CPU.Build.0 = Debug|Any CPU
		{0A8836E6-DD33-45BE-8BCC-E6895D5C2EC8}.Debug|ARM.ActiveCfg = Debug|Any CPU
		{0A8836E6-DD33-45BE-8BCC-E6895D5C2EC8}.Debug|ARM.Build.0 = Debug|Any CPU
		{0A8836E6-DD33-45BE-8BCC-E6895D5C2EC8}.Debug|iPhone.ActiveCfg = Debug|Any CPU
		{0A8836E6-DD33-45BE-8BCC-E6895D5C2EC8}.Debug|iPhone.Build.0 = Debug|Any CPU
		{0A8836E6-DD33-45BE-8BCC-E6895D5C2EC8}.Debug|iPhoneSimulator.ActiveCfg = Debug|Any CPU
		{0A8836E6-DD33-45BE-8BCC-E6895D5C2EC8}.Debug|iPhoneSimulator.Build.0 = Debug|Any CPU
		{0A8836E6-DD33-45BE-8BCC-E6895D5C2EC8}.Debug|x86.ActiveCfg = Debug|Any CPU
		{0A8836E6-DD33-45BE-8BCC-E6895D5C2EC8}.Debug|x86.Build.0 = Debug|Any CPU
		{0A8836E6-DD33-45BE-8BCC-E6895D5C2EC8}.Release|Any CPU.ActiveCfg = Release|Any CPU
		{0A8836E6-DD33-45BE-8BCC-E6895D5C2EC8}.Release|Any CPU.Build.0 = Release|Any CPU
		{0A8836E6-DD33-45BE-8BCC-E6895D5C2EC8}.Release|ARM.ActiveCfg = Release|Any CPU
		{0A8836E6-DD33-45BE-8BCC-E6895D5C2EC8}.Release|ARM.Build.0 = Release|Any CPU
		{0A8836E6-DD33-45BE-8BCC-E6895D5C2EC8}.Release|iPhone.ActiveCfg = Release|Any CPU
		{0A8836E6-DD33-45BE-8BCC-E6895D5C2EC8}.Release|iPhone.Build.0 = Release|Any CPU
		{0A8836E6-DD33-45BE-8BCC-E6895D5C2EC8}.Release|iPhoneSimulator.ActiveCfg = Release|Any CPU
		{0A8836E6-DD33-45BE-8BCC-E6895D5C2EC8}.Release|iPhoneSimulator.Build.0 = Release|Any CPU
		{0A8836E6-DD33-45BE-8BCC-E6895D5C2EC8}.Release|x86.ActiveCfg = Release|Any CPU
		{0A8836E6-DD33-45BE-8BCC-E6895D5C2EC8}.Release|x86.Build.0 = Release|Any CPU
	EndGlobalSection
	GlobalSection(SolutionProperties) = preSolution
		HideSolutionNode = FALSE
	EndGlobalSection
EndGlobal
